<Solution>
  <Project Path="GameLib.BL.Tests/GameLib.BL.Tests.csproj" Id="231db75e-ef14-46bf-8632-d363139a4fe0" />
  <Project Path="GameLib.BL/GameLib.BL.csproj" />
  <Project Path="GameLib.Common.Tests/GameLib.Common.Tests.csproj" />
  <Project Path="GameLib.DAL/GameLib.DAL.csproj" />
  <Project Path="GameLib.Tests/GameLib.DAL.Tests.csproj" />
</Solution>
